
Microsoft Visual Studio Solution File, Format Version 12.00
# Visual Studio 15
VisualStudioVersion = 15.0.28307.572
MinimumVisualStudioVersion = 10.0.40219.1
Project("{FAE04EC0-301F-11D3-BF4B-00C04F79EFBC}") = "ThingProject", "ThingProject\ThingProject.csproj", "{385EA660-8AEA-4557-A791-3D3A19575574}"
EndProject
Global
	GlobalSection(SolutionConfigurationPlatforms) = preSolution
		Debug|Any CPU = Debug|Any CPU
		Release|Any CPU = Release|Any CPU
	EndGlobalSection
	GlobalSection(ProjectConfigurationPlatforms) = postSolution
		{385EA660-8AEA-4557-A791-3D3A19575574}.Debug|Any CPU.ActiveCfg = Debug|Any CPU
		{385EA660-8AEA-4557-A791-3D3A19575574}.Debug|Any CPU.Build.0 = Debug|Any CPU
		{385EA660-8AEA-4557-A791-3D3A19575574}.Release|Any CPU.ActiveCfg = Release|Any CPU
		{385EA660-8AEA-4557-A791-3D3A19575574}.Release|Any CPU.Build.0 = Release|Any CPU
	EndGlobalSection
	GlobalSection(SolutionProperties) = preSolution
		HideSolutionNode = FALSE
	EndGlobalSection
	GlobalSection(ExtensibilityGlobals) = postSolution
		SolutionGuid = {50EB6406-356E-4730-A66B-828A79C4F8E4}
	EndGlobalSection
EndGlobal
